[[dependencies]]
name = "forge-std"
version = "1.9.7"
url = "https://soldeer-revisions.s3.amazonaws.com/forge-std/1_9_7_28-04-2025_15:55:08_forge-std-1.9.zip"
checksum = "8d9e0a885fa8ee6429a4d344aeb6799119f6a94c7c4fe6f188df79b0dce294ba"
integrity = "9e60fdba82bc374df80db7f2951faff6467b9091873004a3d314cf0c084b3c7d"

[[dependencies]]
name = "licredity-v1-core"
version = "0.9.0"
url = "https://soldeer-revisions.s3.amazonaws.com/licredity-v1-core/0_9_0_30-06-2025_08:02:34_licredity-v1-core.zip"
checksum = "0ff420b4efe1baf8fc98237f100c5ea950823f365fbd6c392cc94131112135c8"
integrity = "a782df27216de64d0a26a488eb2ed6ea4ee62453c9424b53858bab82612f63cb"

[[dependencies]]
name = "uniswap-v4-core"
version = "4"
url = "https://soldeer-revisions.s3.amazonaws.com/uniswap-v4-core/4_28-02-2025_23:27:23_uniswap-v4-core-4.zip"
checksum = "cd91c1b34ad73028bddaeb9fd676a957962f7e4ab671998f4439aa1f474010c8"
integrity = "859f1409f40b591e2cf337d02591d4ec53013631d2e958a9f03b84af88410abb"
